
Microsoft Visual Studio Solution File, Format Version 12.00
# Visual Studio Version 17
VisualStudioVersion = 17.4.33103.184
MinimumVisualStudioVersion = 10.0.40219.1
Project("{9A19103F-16F7-4668-BE54-9A1E7A4F7556}") = "ItemMarketplaceTestTask.WebApi", "ItemMarketplaceTestTask.WebApi\ItemMarketplaceTestTask.WebApi.csproj", "{B840BF8B-8A3A-49F2-BD6E-337E49EAA17B}"
EndProject
Project("{9A19103F-16F7-4668-BE54-9A1E7A4F7556}") = "ItemMarketplaceTestTask.Model", "ItemMarketplaceTestTask.Model\ItemMarketplaceTestTask.Model.csproj", "{CADAD6C4-A329-4090-BD0C-B86F7933E8DA}"
EndProject
Project("{9A19103F-16F7-4668-BE54-9A1E7A4F7556}") = "ItemMarketplaceTestTask.Infrastructure", "ItemMarketplaceTestTask.Infrastructure\ItemMarketplaceTestTask.Infrastructure.csproj", "{9AA9EC1B-4409-456B-A601-6B3334EBF210}"
EndProject
Project("{FAE04EC0-301F-11D3-BF4B-00C04F79EFBC}") = "ItemMarketplaceTestTask.Service", "..\ItemMarketplaceTestTask.Service\ItemMarketplaceTestTask.Service.csproj", "{7AD6730F-050C-4063-8A3F-0AC628A002F3}"
EndProject
Global
	GlobalSection(SolutionConfigurationPlatforms) = preSolution
		Debug|Any CPU = Debug|Any CPU
		Release|Any CPU = Release|Any CPU
	EndGlobalSection
	GlobalSection(ProjectConfigurationPlatforms) = postSolution
		{B840BF8B-8A3A-49F2-BD6E-337E49EAA17B}.Debug|Any CPU.ActiveCfg = Debug|Any CPU
		{B840BF8B-8A3A-49F2-BD6E-337E49EAA17B}.Debug|Any CPU.Build.0 = Debug|Any CPU
		{B840BF8B-8A3A-49F2-BD6E-337E49EAA17B}.Release|Any CPU.ActiveCfg = Release|Any CPU
		{B840BF8B-8A3A-49F2-BD6E-337E49EAA17B}.Release|Any CPU.Build.0 = Release|Any CPU
		{CADAD6C4-A329-4090-BD0C-B86F7933E8DA}.Debug|Any CPU.ActiveCfg = Debug|Any CPU
		{CADAD6C4-A329-4090-BD0C-B86F7933E8DA}.Debug|Any CPU.Build.0 = Debug|Any CPU
		{CADAD6C4-A329-4090-BD0C-B86F7933E8DA}.Release|Any CPU.ActiveCfg = Release|Any CPU
		{CADAD6C4-A329-4090-BD0C-B86F7933E8DA}.Release|Any CPU.Build.0 = Release|Any CPU
		{9AA9EC1B-4409-456B-A601-6B3334EBF210}.Debug|Any CPU.ActiveCfg = Debug|Any CPU
		{9AA9EC1B-4409-456B-A601-6B3334EBF210}.Debug|Any CPU.Build.0 = Debug|Any CPU
		{9AA9EC1B-4409-456B-A601-6B3334EBF210}.Release|Any CPU.ActiveCfg = Release|Any CPU
		{9AA9EC1B-4409-456B-A601-6B3334EBF210}.Release|Any CPU.Build.0 = Release|Any CPU
		{7AD6730F-050C-4063-8A3F-0AC628A002F3}.Debug|Any CPU.ActiveCfg = Debug|Any CPU
		{7AD6730F-050C-4063-8A3F-0AC628A002F3}.Debug|Any CPU.Build.0 = Debug|Any CPU
		{7AD6730F-050C-4063-8A3F-0AC628A002F3}.Release|Any CPU.ActiveCfg = Release|Any CPU
		{7AD6730F-050C-4063-8A3F-0AC628A002F3}.Release|Any CPU.Build.0 = Release|Any CPU
	EndGlobalSection
	GlobalSection(SolutionProperties) = preSolution
		HideSolutionNode = FALSE
	EndGlobalSection
	GlobalSection(ExtensibilityGlobals) = postSolution
		SolutionGuid = {13872A0D-2898-4DB6-ADC5-3DF00E8218F5}
	EndGlobalSection
EndGlobal
