
Microsoft Visual Studio Solution File, Format Version 12.00
# Visual Studio Version 17
VisualStudioVersion = 17.4.33103.184
MinimumVisualStudioVersion = 10.0.40219.1
Project("{FAE04EC0-301F-11D3-BF4B-00C04F79EFBC}") = "ItemMarketplaceTestTask.WebApi", "ItemMarketplaceTestTask.WebApi.csproj", "{E5A03B78-A571-4840-A0EC-4BE98A9964A1}"
EndProject
Project("{FAE04EC0-301F-11D3-BF4B-00C04F79EFBC}") = "ItemMarketplaceTestTask.Infrastructure", "..\MarketplaceTestTask.Infrastructure\ItemMarketplaceTestTask.Infrastructure.csproj", "{E0CAB3FE-EEB7-4455-86DC-CFB88F8A73A4}"
EndProject
Project("{FAE04EC0-301F-11D3-BF4B-00C04F79EFBC}") = "ItemMarketplaceTestTask.Model", "..\ItemMarketplaceTestTask.Model\ItemMarketplaceTestTask.Model.csproj", "{E38A52DB-D687-4C92-B2FD-DF1A2199173C}"
EndProject
Global
	GlobalSection(SolutionConfigurationPlatforms) = preSolution
		Debug|Any CPU = Debug|Any CPU
		Release|Any CPU = Release|Any CPU
	EndGlobalSection
	GlobalSection(ProjectConfigurationPlatforms) = postSolution
		{E5A03B78-A571-4840-A0EC-4BE98A9964A1}.Debug|Any CPU.ActiveCfg = Debug|Any CPU
		{E5A03B78-A571-4840-A0EC-4BE98A9964A1}.Debug|Any CPU.Build.0 = Debug|Any CPU
		{E5A03B78-A571-4840-A0EC-4BE98A9964A1}.Release|Any CPU.ActiveCfg = Release|Any CPU
		{E5A03B78-A571-4840-A0EC-4BE98A9964A1}.Release|Any CPU.Build.0 = Release|Any CPU
		{E0CAB3FE-EEB7-4455-86DC-CFB88F8A73A4}.Debug|Any CPU.ActiveCfg = Debug|Any CPU
		{E0CAB3FE-EEB7-4455-86DC-CFB88F8A73A4}.Debug|Any CPU.Build.0 = Debug|Any CPU
		{E0CAB3FE-EEB7-4455-86DC-CFB88F8A73A4}.Release|Any CPU.ActiveCfg = Release|Any CPU
		{E0CAB3FE-EEB7-4455-86DC-CFB88F8A73A4}.Release|Any CPU.Build.0 = Release|Any CPU
		{E38A52DB-D687-4C92-B2FD-DF1A2199173C}.Debug|Any CPU.ActiveCfg = Debug|Any CPU
		{E38A52DB-D687-4C92-B2FD-DF1A2199173C}.Debug|Any CPU.Build.0 = Debug|Any CPU
		{E38A52DB-D687-4C92-B2FD-DF1A2199173C}.Release|Any CPU.ActiveCfg = Release|Any CPU
		{E38A52DB-D687-4C92-B2FD-DF1A2199173C}.Release|Any CPU.Build.0 = Release|Any CPU
	EndGlobalSection
	GlobalSection(SolutionProperties) = preSolution
		HideSolutionNode = FALSE
	EndGlobalSection
	GlobalSection(ExtensibilityGlobals) = postSolution
		SolutionGuid = {13872A0D-2898-4DB6-ADC5-3DF00E8218F5}
	EndGlobalSection
EndGlobal
